
Microsoft Visual Studio Solution File, Format Version 12.00
# Visual Studio Version 17
VisualStudioVersion = 17.14.36127.28
MinimumVisualStudioVersion = 10.0.40219.1
Project("{FAE04EC0-301F-11D3-BF4B-00C04F79EFBC}") = "CandidPortal", "CandidPortal\CandidPortal.csproj", "{DAC82FBF-AD37-41A5-8D07-C22BC14A0528}"
EndProject
Global
	GlobalSection(SolutionConfigurationPlatforms) = preSolution
		Debug|Any CPU = Debug|Any CPU
		Release|Any CPU = Release|Any CPU
	EndGlobalSection
	GlobalSection(ProjectConfigurationPlatforms) = postSolution
		{DAC82FBF-AD37-41A5-8D07-C22BC14A0528}.Debug|Any CPU.ActiveCfg = Debug|Any CPU
		{DAC82FBF-AD37-41A5-8D07-C22BC14A0528}.Debug|Any CPU.Build.0 = Debug|Any CPU
		{DAC82FBF-AD37-41A5-8D07-C22BC14A0528}.Release|Any CPU.ActiveCfg = Release|Any CPU
		{DAC82FBF-AD37-41A5-8D07-C22BC14A0528}.Release|Any CPU.Build.0 = Release|Any CPU
	EndGlobalSection
	GlobalSection(SolutionProperties) = preSolution
		HideSolutionNode = FALSE
	EndGlobalSection
	GlobalSection(ExtensibilityGlobals) = postSolution
		SolutionGuid = {B706C3A0-CEF7-4365-95F7-036D57B8E727}
	EndGlobalSection
EndGlobal
